{
  "name": "tish-learn",
  "version": "0.1.0",
  "lockfileVersion": 3,
  "requires": true,
  "packages": {
    "": {
      "name": "tish-learn",
      "version": "0.1.0",
      "license": "PIF",
      "dependencies": {
        "@tishlang/learn-site": "file:../packages/learn-site",
        "lattish": "../lattish",
        "tish-browser-server": "../tish-browser-server",
        "tish-ide-panels": "../tish-ide-panels",
        "tish-tailwind": "../tish-tailwind"
      }
    },
    "../lattish": {
      "version": "0.1.1",
      "license": "PIF",
      "devDependencies": {
        "@semantic-release/commit-analyzer": "^13.0.1",
        "@semantic-release/github": "^12.0.6",
        "@semantic-release/npm": "^13.1.5",
        "@semantic-release/release-notes-generator": "^14.1.0",
        "@tishlang/tish": "^1.7.0",
        "jsdom": "^25.0.0",
        "semantic-release": "^25.0.3"
      }
    },
    "../packages/learn-site": {
      "name": "@tishlang/learn-site",
      "version": "0.1.0",
      "license": "PIF",
      "bin": {
        "learn": "bin/learn.mjs"
      }
    },
    "../tish-browser-server": {
      "version": "0.1.0",
      "license": "PIF"
    },
    "../tish-ide-panels": {
      "version": "0.2.0",
      "license": "PIF",
      "devDependencies": {
        "lattish": "../lattish"
      },
      "peerDependencies": {
        "lattish": "*"
      },
      "peerDependenciesMeta": {
        "tish-tailwind": {
          "optional": true
        }
      }
    },
    "../tish-tailwind": {
      "version": "0.1.0",
      "license": "PIF"
    },
    "node_modules/@tishlang/learn-site": {
      "resolved": "../packages/learn-site",
      "link": true
    },
    "node_modules/lattish": {
      "resolved": "../lattish",
      "link": true
    },
    "node_modules/tish-browser-server": {
      "resolved": "../tish-browser-server",
      "link": true
    },
    "node_modules/tish-ide-panels": {
      "resolved": "../tish-ide-panels",
      "link": true
    },
    "node_modules/tish-tailwind": {
      "resolved": "../tish-tailwind",
      "link": true
    }
  }
}
